
Microsoft Visual Studio Solution File, Format Version 12.00
# Visual Studio Version 16
VisualStudioVersion = 16.0.30804.86
MinimumVisualStudioVersion = 10.0.40219.1
Project("{FAE04EC0-301F-11D3-BF4B-00C04F79EFBC}") = "Z1FMDownloader.Core", "Z1FMDownloader.Core\Z1FMDownloader.Core.csproj", "{01845E54-CAA0-42D7-9EE7-0BAE00CA0B89}"
EndProject
Global
	GlobalSection(SolutionConfigurationPlatforms) = preSolution
		Debug|Any CPU = Debug|Any CPU
		Release|Any CPU = Release|Any CPU
	EndGlobalSection
	GlobalSection(ProjectConfigurationPlatforms) = postSolution
		{01845E54-CAA0-42D7-9EE7-0BAE00CA0B89}.Debug|Any CPU.ActiveCfg = Debug|Any CPU
		{01845E54-CAA0-42D7-9EE7-0BAE00CA0B89}.Debug|Any CPU.Build.0 = Debug|Any CPU
		{01845E54-CAA0-42D7-9EE7-0BAE00CA0B89}.Release|Any CPU.ActiveCfg = Release|Any CPU
		{01845E54-CAA0-42D7-9EE7-0BAE00CA0B89}.Release|Any CPU.Build.0 = Release|Any CPU
	EndGlobalSection
	GlobalSection(SolutionProperties) = preSolution
		HideSolutionNode = FALSE
	EndGlobalSection
	GlobalSection(ExtensibilityGlobals) = postSolution
		SolutionGuid = {89C97E23-7057-4E3B-A880-ECA8B23C1CDD}
	EndGlobalSection
EndGlobal
